
Microsoft Visual Studio Solution File, Format Version 12.00
# Visual Studio 14
VisualStudioVersion = 14.0.25420.1
MinimumVisualStudioVersion = 10.0.40219.1
Project("{FAE04EC0-301F-11D3-BF4B-00C04F79EFBC}") = "ConApp2015_3", "ConApp2015_3\ConApp2015_3.csproj", "{3FE299D4-2BF3-4878-B634-8DB26491A08F}"
EndProject
Global
	GlobalSection(SolutionConfigurationPlatforms) = preSolution
		Debug|Any CPU = Debug|Any CPU
		Release|Any CPU = Release|Any CPU
	EndGlobalSection
	GlobalSection(ProjectConfigurationPlatforms) = postSolution
		{3FE299D4-2BF3-4878-B634-8DB26491A08F}.Debug|Any CPU.ActiveCfg = Debug|Any CPU
		{3FE299D4-2BF3-4878-B634-8DB26491A08F}.Debug|Any CPU.Build.0 = Debug|Any CPU
		{3FE299D4-2BF3-4878-B634-8DB26491A08F}.Release|Any CPU.ActiveCfg = Release|Any CPU
		{3FE299D4-2BF3-4878-B634-8DB26491A08F}.Release|Any CPU.Build.0 = Release|Any CPU
	EndGlobalSection
	GlobalSection(SolutionProperties) = preSolution
		HideSolutionNode = FALSE
	EndGlobalSection
EndGlobal
